
Microsoft Visual Studio Solution File, Format Version 12.00
# Visual Studio Version 17
VisualStudioVersion = 17.4.33213.308
MinimumVisualStudioVersion = 10.0.40219.1
Project("{FAE04EC0-301F-11D3-BF4B-00C04F79EFBC}") = "scribbles", "scribbles\scribbles.csproj", "{945FFBC1-0018-49D4-8F60-C2CDE9415EDE}"
EndProject
Global
	GlobalSection(SolutionConfigurationPlatforms) = preSolution
		Debug|Any CPU = Debug|Any CPU
		Release|Any CPU = Release|Any CPU
	EndGlobalSection
	GlobalSection(ProjectConfigurationPlatforms) = postSolution
		{945FFBC1-0018-49D4-8F60-C2CDE9415EDE}.Debug|Any CPU.ActiveCfg = Debug|Any CPU
		{945FFBC1-0018-49D4-8F60-C2CDE9415EDE}.Debug|Any CPU.Build.0 = Debug|Any CPU
		{945FFBC1-0018-49D4-8F60-C2CDE9415EDE}.Release|Any CPU.ActiveCfg = Release|Any CPU
		{945FFBC1-0018-49D4-8F60-C2CDE9415EDE}.Release|Any CPU.Build.0 = Release|Any CPU
	EndGlobalSection
	GlobalSection(SolutionProperties) = preSolution
		HideSolutionNode = FALSE
	EndGlobalSection
	GlobalSection(ExtensibilityGlobals) = postSolution
		SolutionGuid = {44864E45-E822-43C6-8A87-8CE5C85A72A6}
	EndGlobalSection
EndGlobal
